
Microsoft Visual Studio Solution File, Format Version 12.00
# Visual Studio Version 16
VisualStudioVersion = 16.0.30114.105
MinimumVisualStudioVersion = 10.0.40219.1
Project("{9A19103F-16F7-4668-BE54-9A1E7A4F7556}") = "R5T.T0123", "R5T.T0123\R5T.T0123.csproj", "{9FA563B3-6252-4313-94C0-D0DF092588B4}"
EndProject
Project("{2150E333-8FDC-42A3-9474-1A3956D46DE8}") = "_Dependencies", "_Dependencies", "{5401B78C-44EB-498D-B19F-36D7F7AB5924}"
EndProject
Project("{9A19103F-16F7-4668-BE54-9A1E7A4F7556}") = "R5T.T0039.T002", "..\..\R5T.T0039\source\R5T.T0039.T002\R5T.T0039.T002.csproj", "{04B7D3F5-E520-4B3F-A4DB-C3744EABD087}"
EndProject
Project("{9A19103F-16F7-4668-BE54-9A1E7A4F7556}") = "R5T.T0123.X001", "R5T.T0123.X001\R5T.T0123.X001.csproj", "{CBDA27E4-8AD6-4870-8D0E-BF735F4E8C6C}"
EndProject
Project("{9A19103F-16F7-4668-BE54-9A1E7A4F7556}") = "R5T.T0108.X001", "..\..\R5T.T0108\source\R5T.T0108.X001\R5T.T0108.X001.csproj", "{5CED7112-5F80-4E12-9703-3F59C3228720}"
EndProject
Project("{9A19103F-16F7-4668-BE54-9A1E7A4F7556}") = "R5T.T0041.X002", "..\..\R5T.T0041\source\R5T.T0041.X002\R5T.T0041.X002.csproj", "{3705D039-3D5F-4C75-A74B-F70A1425110F}"
EndProject
Global
	GlobalSection(SolutionConfigurationPlatforms) = preSolution
		Debug|Any CPU = Debug|Any CPU
		Debug|x64 = Debug|x64
		Debug|x86 = Debug|x86
		Release|Any CPU = Release|Any CPU
		Release|x64 = Release|x64
		Release|x86 = Release|x86
	EndGlobalSection
	GlobalSection(ProjectConfigurationPlatforms) = postSolution
		{9FA563B3-6252-4313-94C0-D0DF092588B4}.Debug|Any CPU.ActiveCfg = Debug|Any CPU
		{9FA563B3-6252-4313-94C0-D0DF092588B4}.Debug|Any CPU.Build.0 = Debug|Any CPU
		{9FA563B3-6252-4313-94C0-D0DF092588B4}.Debug|x64.ActiveCfg = Debug|Any CPU
		{9FA563B3-6252-4313-94C0-D0DF092588B4}.Debug|x64.Build.0 = Debug|Any CPU
		{9FA563B3-6252-4313-94C0-D0DF092588B4}.Debug|x86.ActiveCfg = Debug|Any CPU
		{9FA563B3-6252-4313-94C0-D0DF092588B4}.Debug|x86.Build.0 = Debug|Any CPU
		{9FA563B3-6252-4313-94C0-D0DF092588B4}.Release|Any CPU.ActiveCfg = Release|Any CPU
		{9FA563B3-6252-4313-94C0-D0DF092588B4}.Release|Any CPU.Build.0 = Release|Any CPU
		{9FA563B3-6252-4313-94C0-D0DF092588B4}.Release|x64.ActiveCfg = Release|Any CPU
		{9FA563B3-6252-4313-94C0-D0DF092588B4}.Release|x64.Build.0 = Release|Any CPU
		{9FA563B3-6252-4313-94C0-D0DF092588B4}.Release|x86.ActiveCfg = Release|Any CPU
		{9FA563B3-6252-4313-94C0-D0DF092588B4}.Release|x86.Build.0 = Release|Any CPU
		{04B7D3F5-E520-4B3F-A4DB-C3744EABD087}.Debug|Any CPU.ActiveCfg = Debug|Any CPU
		{04B7D3F5-E520-4B3F-A4DB-C3744EABD087}.Debug|Any CPU.Build.0 = Debug|Any CPU
		{04B7D3F5-E520-4B3F-A4DB-C3744EABD087}.Debug|x64.ActiveCfg = Debug|Any CPU
		{04B7D3F5-E520-4B3F-A4DB-C3744EABD087}.Debug|x64.Build.0 = Debug|Any CPU
		{04B7D3F5-E520-4B3F-A4DB-C3744EABD087}.Debug|x86.ActiveCfg = Debug|Any CPU
		{04B7D3F5-E520-4B3F-A4DB-C3744EABD087}.Debug|x86.Build.0 = Debug|Any CPU
		{04B7D3F5-E520-4B3F-A4DB-C3744EABD087}.Release|Any CPU.ActiveCfg = Release|Any CPU
		{04B7D3F5-E520-4B3F-A4DB-C3744EABD087}.Release|Any CPU.Build.0 = Release|Any CPU
		{04B7D3F5-E520-4B3F-A4DB-C3744EABD087}.Release|x64.ActiveCfg = Release|Any CPU
		{04B7D3F5-E520-4B3F-A4DB-C3744EABD087}.Release|x64.Build.0 = Release|Any CPU
		{04B7D3F5-E520-4B3F-A4DB-C3744EABD087}.Release|x86.ActiveCfg = Release|Any CPU
		{04B7D3F5-E520-4B3F-A4DB-C3744EABD087}.Release|x86.Build.0 = Release|Any CPU
		{CBDA27E4-8AD6-4870-8D0E-BF735F4E8C6C}.Debug|Any CPU.ActiveCfg = Debug|Any CPU
		{CBDA27E4-8AD6-4870-8D0E-BF735F4E8C6C}.Debug|Any CPU.Build.0 = Debug|Any CPU
		{CBDA27E4-8AD6-4870-8D0E-BF735F4E8C6C}.Debug|x64.ActiveCfg = Debug|Any CPU
		{CBDA27E4-8AD6-4870-8D0E-BF735F4E8C6C}.Debug|x64.Build.0 = Debug|Any CPU
		{CBDA27E4-8AD6-4870-8D0E-BF735F4E8C6C}.Debug|x86.ActiveCfg = Debug|Any CPU
		{CBDA27E4-8AD6-4870-8D0E-BF735F4E8C6C}.Debug|x86.Build.0 = Debug|Any CPU
		{CBDA27E4-8AD6-4870-8D0E-BF735F4E8C6C}.Release|Any CPU.ActiveCfg = Release|Any CPU
		{CBDA27E4-8AD6-4870-8D0E-BF735F4E8C6C}.Release|Any CPU.Build.0 = Release|Any CPU
		{CBDA27E4-8AD6-4870-8D0E-BF735F4E8C6C}.Release|x64.ActiveCfg = Release|Any CPU
		{CBDA27E4-8AD6-4870-8D0E-BF735F4E8C6C}.Release|x64.Build.0 = Release|Any CPU
		{CBDA27E4-8AD6-4870-8D0E-BF735F4E8C6C}.Release|x86.ActiveCfg = Release|Any CPU
		{CBDA27E4-8AD6-4870-8D0E-BF735F4E8C6C}.Release|x86.Build.0 = Release|Any CPU
		{5CED7112-5F80-4E12-9703-3F59C3228720}.Debug|Any CPU.ActiveCfg = Debug|Any CPU
		{5CED7112-5F80-4E12-9703-3F59C3228720}.Debug|Any CPU.Build.0 = Debug|Any CPU
		{5CED7112-5F80-4E12-9703-3F59C3228720}.Debug|x64.ActiveCfg = Debug|Any CPU
		{5CED7112-5F80-4E12-9703-3F59C3228720}.Debug|x64.Build.0 = Debug|Any CPU
		{5CED7112-5F80-4E12-9703-3F59C3228720}.Debug|x86.ActiveCfg = Debug|Any CPU
		{5CED7112-5F80-4E12-9703-3F59C3228720}.Debug|x86.Build.0 = Debug|Any CPU
		{5CED7112-5F80-4E12-9703-3F59C3228720}.Release|Any CPU.ActiveCfg = Release|Any CPU
		{5CED7112-5F80-4E12-9703-3F59C3228720}.Release|Any CPU.Build.0 = Release|Any CPU
		{5CED7112-5F80-4E12-9703-3F59C3228720}.Release|x64.ActiveCfg = Release|Any CPU
		{5CED7112-5F80-4E12-9703-3F59C3228720}.Release|x64.Build.0 = Release|Any CPU
		{5CED7112-5F80-4E12-9703-3F59C3228720}.Release|x86.ActiveCfg = Release|Any CPU
		{5CED7112-5F80-4E12-9703-3F59C3228720}.Release|x86.Build.0 = Release|Any CPU
		{3705D039-3D5F-4C75-A74B-F70A1425110F}.Debug|Any CPU.ActiveCfg = Debug|Any CPU
		{3705D039-3D5F-4C75-A74B-F70A1425110F}.Debug|Any CPU.Build.0 = Debug|Any CPU
		{3705D039-3D5F-4C75-A74B-F70A1425110F}.Debug|x64.ActiveCfg = Debug|Any CPU
		{3705D039-3D5F-4C75-A74B-F70A1425110F}.Debug|x64.Build.0 = Debug|Any CPU
		{3705D039-3D5F-4C75-A74B-F70A1425110F}.Debug|x86.ActiveCfg = Debug|Any CPU
		{3705D039-3D5F-4C75-A74B-F70A1425110F}.Debug|x86.Build.0 = Debug|Any CPU
		{3705D039-3D5F-4C75-A74B-F70A1425110F}.Release|Any CPU.ActiveCfg = Release|Any CPU
		{3705D039-3D5F-4C75-A74B-F70A1425110F}.Release|Any CPU.Build.0 = Release|Any CPU
		{3705D039-3D5F-4C75-A74B-F70A1425110F}.Release|x64.ActiveCfg = Release|Any CPU
		{3705D039-3D5F-4C75-A74B-F70A1425110F}.Release|x64.Build.0 = Release|Any CPU
		{3705D039-3D5F-4C75-A74B-F70A1425110F}.Release|x86.ActiveCfg = Release|Any CPU
		{3705D039-3D5F-4C75-A74B-F70A1425110F}.Release|x86.Build.0 = Release|Any CPU
	EndGlobalSection
	GlobalSection(SolutionProperties) = preSolution
		HideSolutionNode = FALSE
	EndGlobalSection
	GlobalSection(NestedProjects) = preSolution
		{04B7D3F5-E520-4B3F-A4DB-C3744EABD087} = {5401B78C-44EB-498D-B19F-36D7F7AB5924}
		{5CED7112-5F80-4E12-9703-3F59C3228720} = {5401B78C-44EB-498D-B19F-36D7F7AB5924}
		{3705D039-3D5F-4C75-A74B-F70A1425110F} = {5401B78C-44EB-498D-B19F-36D7F7AB5924}
	EndGlobalSection
	GlobalSection(ExtensibilityGlobals) = postSolution
		SolutionGuid = {BC1D9CE3-C586-4563-AF39-A43FED90D7BE}
	EndGlobalSection
EndGlobal
